{
  "name": "asproject1",
  "version": "1.0.0",
  "lockfileVersion": 3,
  "requires": true,
  "packages": {
    "": {
      "name": "asproject1",
      "version": "1.0.0",
      "license": "ISC",
      "dependencies": {
        "@loupeteam/csvfilelib": "^1.2.2",
        "@loupeteam/errorlib": "^0.23.3",
        "@loupeteam/firstinitprog": "^0.1.1",
        "@loupeteam/messagebox": "^0.1.3",
        "@loupeteam/starterasproject49": "^1.0.0",
        "@loupeteam/vartools": "^0.11.3"
      }
    },
    "node_modules/@loupeteam/csvfilelib": {
      "version": "1.2.2",
      "resolved": "https://npm.pkg.github.com/download/@loupeteam/csvfilelib/1.2.2/048f0eddaea148af7ba646067e207c0588617a15",
      "integrity": "sha512-Vs8a/3Y0P8uJM4gI3gz7SbFJwJrM4RcJru4H21IPPPAye5lbEkGYf7eTpR1/rAVzvSRFjqB7hI7f79FaET/3KA==",
      "license": "MIT",
      "dependencies": {
        "@loupeteam/fiowrap": ">=0.9.0 <=0.9.9",
        "@loupeteam/hmitools": ">=0.11.3 <=0.11.9",
        "@loupeteam/logthat": ">=0.5.0 <=0.5.9",
        "@loupeteam/stringext": ">=0.14.1 <=0.14.9"
      }
    },
    "node_modules/@loupeteam/errorlib": {
      "version": "0.23.3",
      "resolved": "https://npm.pkg.github.com/download/@loupeteam/errorlib/0.23.3/348c201feb000eafabee5d3ced4163e9de6a8d01",
      "integrity": "sha512-VwXSN7syWemO44yzq4a0UzpvTaAkwCKLY5nstzoOu5BzzFLndbz5mu0kbKJMFLX65r/hh5mw5PU+0MUwIZyp8Q==",
      "license": "MIT",
      "dependencies": {
        "@loupeteam/hmitools": ">=0.11.4 <=0.11.9",
        "@loupeteam/logthat": ">=0.5.0 <=0.5.9",
        "@loupeteam/stringext": ">=0.14.1 <=0.14.9"
      }
    },
    "node_modules/@loupeteam/errorprog": {
      "version": "0.1.0",
      "resolved": "https://npm.pkg.github.com/download/@loupeteam/errorprog/0.1.0/eb73f5019045a353c377f5acc09cbde699cf53cb",
      "integrity": "sha512-DJMGNltpOoob/t8LJhopAR4ywlxuTh0bZ1FWFAFlkz8oaDWepVXOTVOsjzbMxg/YEfDAtNQ3WxPYdiwyVWN3uw==",
      "license": "MIT",
      "dependencies": {
        "@loupeteam/errorlib": "^0.23.3",
        "@loupeteam/hmitools": "^0.11.4"
      }
    },
    "node_modules/@loupeteam/fiowrap": {
      "version": "0.9.1",
      "resolved": "https://npm.pkg.github.com/download/@loupeteam/fiowrap/0.9.1/f299ddc5721948a99321c6391fd3f4c147987d31",
      "integrity": "sha512-1u4+YdCr41Xa1OOauiyav8Gq71Q1U5caPNImYwhVW01Tx7LG8a+zG1sKLXeLfbKxAfL/aHTPqEJSCNtB94Rq+w==",
      "license": "MIT",
      "dependencies": {
        "@loupeteam/stringext": ">=0.11.0"
      }
    },
    "node_modules/@loupeteam/firstinitprog": {
      "version": "0.1.1",
      "resolved": "https://npm.pkg.github.com/download/@loupeteam/firstinitprog/0.1.1/67a4e138bea665fb4646b93e9b273406857f93d4",
      "integrity": "sha512-OZfAcZI6r6d0Gb1I0eVcTyCC9zxHJ8l1YkbZWoWKp8drAEVbjClGU5DlgOFAaMVpORAzhjyWgvh6qaFGJbMcsA==",
      "license": "MIT",
      "dependencies": {
        "@loupeteam/csvfilelib": ">=1.2.0",
        "@loupeteam/errorprog": ">=0.1.0",
        "@loupeteam/persist": ">=0.0.6",
        "@loupeteam/revinfoprog": "^2.2.0",
        "@loupeteam/vartools": ">=0.10.0"
      }
    },
    "node_modules/@loupeteam/hmitools": {
      "version": "0.11.4",
      "resolved": "https://npm.pkg.github.com/download/@loupeteam/hmitools/0.11.4/6c24c55ef0f034c5f85428706b0dc4b26af26252",
      "integrity": "sha512-NnAQSf/EP5cpDj7rBRFoCk7sTbPtPtVkXmRPM/LU3Ca/H5fk1CCmA8MFBBbA25UGN+9LOgtX6pmW0MFVq/alDA==",
      "license": "MIT",
      "dependencies": {
        "@loupeteam/logthat": "*",
        "@loupeteam/ringbuflib": ">=0.2.0",
        "@loupeteam/stringext": ">=0.4.0"
      }
    },
    "node_modules/@loupeteam/logthat": {
      "version": "0.5.1",
      "resolved": "https://npm.pkg.github.com/download/@loupeteam/logthat/0.5.1/728712ec79fff3ca14613f7b900f501a920b2871",
      "integrity": "sha512-DvZR0Q/dU+RVR9ASV4xPJY2XIUG6fuf3brlyjndRK1MxVzl+ksBHm0QZJufDlYW9yejnT3cLoE6X9R3a+Cm+vg==",
      "license": "MIT",
      "dependencies": {
        "@loupeteam/stringext": ">=0.14.1"
      }
    },
    "node_modules/@loupeteam/messagebox": {
      "version": "0.1.3",
      "resolved": "https://npm.pkg.github.com/download/@loupeteam/messagebox/0.1.3/603d8eac5812be82d408f17cbf2061e9332010fc",
      "integrity": "sha512-UuP0DEhuhTtIYrDhAogBY4zKrlj5N4TwIVGM+75NsARraFapzAqH+TnyXyNOROVylkPC7IbbfFHVSAYe9nXDiA==",
      "license": "MIT",
      "dependencies": {
        "@loupeteam/hmitools": "*",
        "@loupeteam/ringbuflib": "*"
      }
    },
    "node_modules/@loupeteam/persist": {
      "version": "0.0.7",
      "resolved": "https://npm.pkg.github.com/download/@loupeteam/persist/0.0.7/1024ef80ca6dd324ed87044feff23d38412b108b",
      "integrity": "sha512-fEDGXIRWcxYsXdUjrNAmT9FXeixV2+DsBbozLthVJ0jzBBzgJssGwUTEjG0UPpCQf0nj6PbtBGsWTHBvEQA0tQ==",
      "license": "MIT"
    },
    "node_modules/@loupeteam/revinfoprog": {
      "version": "2.2.0",
      "resolved": "https://npm.pkg.github.com/download/@loupeteam/revinfoprog/2.2.0/17fa3e9da7472fe121d9d67d732945c5f00177e2",
      "integrity": "sha512-1BfyPBa4NnIFbF2CLnBAZCNxVtkJ27LCUl7j44K7tZNA7WLz8t1SFkpQWr5IeYy5y0CMffLv18ykBK3qqh37fw==",
      "license": "MIT",
      "dependencies": {
        "@loupeteam/logthat": ">=0.5.0"
      }
    },
    "node_modules/@loupeteam/ringbuflib": {
      "version": "0.2.4",
      "resolved": "https://npm.pkg.github.com/download/@loupeteam/ringbuflib/0.2.4/f42f953e137103bbed3d088c97bbd3bd0dcb064e",
      "integrity": "sha512-UWnY3vSgOIIyNoDQMpo0eAuw9P0dAt35O0UdNB6tNXIeLr8ytzI3vbHAjiaSUYoecLkNl4lbhyVHNGXoivlz8Q==",
      "license": "MIT"
    },
    "node_modules/@loupeteam/starterasproject49": {
      "version": "1.0.0",
      "resolved": "https://npm.pkg.github.com/download/@loupeteam/starterasproject49/1.0.0/d29245ab5481fc88f03bdf01dab95fefc7bb0a47",
      "integrity": "sha512-lwHRfx30DMxxvliXhuay4ZpgzoSQ8sUF/coBSMmXMVjlTSXft0MQYlptM5AWC3M1NAp3YjUiJ6VjYk0I/ewKJA==",
      "license": "MIT"
    },
    "node_modules/@loupeteam/stringext": {
      "version": "0.14.4",
      "resolved": "https://npm.pkg.github.com/download/@loupeteam/stringext/0.14.4/9d7c965dd094afeaf89b9f48c9b882ce798890dc",
      "integrity": "sha512-xYNj2b+SUxIgM5ZvB+BgDL+cqWkaKHAN65GbyNCd1B/SExiqUDO/VMa77/Sk2XlIZdzXj5mXxjwU/zjY97WsMg==",
      "license": "MIT"
    },
    "node_modules/@loupeteam/vartools": {
      "version": "0.11.3",
      "resolved": "https://npm.pkg.github.com/download/@loupeteam/vartools/0.11.3/edf84e21e928d1bef4bafea2ccbf31d560790b92",
      "integrity": "sha512-ZKSvCPCGDXw/Qki/vo7I9SZJqwXpUF4HjypwpDwRZCDgiY0gt5aNsFj1Rm6uWqgSn4FJ+njhWXfF9QHyR98Rsg==",
      "license": "MIT",
      "dependencies": {
        "@loupeteam/stringext": ">=0.14.0 <=0.14.9"
      }
    }
  }
}
