{
  "name": "asproject",
  "version": "1.0.0",
  "lockfileVersion": 2,
  "requires": true,
  "packages": {
    "": {
      "name": "asproject",
      "version": "1.0.0",
      "license": "ISC",
      "dependencies": {
        "@loupeteam/librarybuilderproject": "^0.3.0",
        "@loupeteam/starterasproject49": "^0.1.0"
      }
    },
    "node_modules/@loupeteam/librarybuilderproject": {
      "version": "0.3.0",
      "resolved": "https://npm.pkg.github.com/download/@loupeteam/librarybuilderproject/0.3.0/9c3c1fc98350439d618573f3b465d94e3ae1e000",
      "integrity": "sha512-kUOwhpPoqQ1DikLGFBH3c8+nsb28ayX2IpQRC0UaEg34cV4GrRoI0FvkSovc3tgrGohpyvxFPRy5C6TM5wj7JA==",
      "license": "MIT"
    },
    "node_modules/@loupeteam/starterasproject49": {
      "version": "0.1.0",
      "resolved": "https://npm.pkg.github.com/download/@loupeteam/starterasproject49/0.1.0/21f8d8c76e2ebba603374d1f49497d34f1760252",
      "integrity": "sha512-vLb1HTrLpC/qeLp2mS9WPVLSQmypMSnPM2USnBgZdD7SHRZhuWUlL+HVxd8jUt0dbJFCfgAHZFmHDPUqAZ0HkQ==",
      "license": "Loupe Software License Agreement"
    }
  },
  "dependencies": {
    "@loupeteam/librarybuilderproject": {
      "version": "0.3.0",
      "resolved": "https://npm.pkg.github.com/download/@loupeteam/librarybuilderproject/0.3.0/9c3c1fc98350439d618573f3b465d94e3ae1e000",
      "integrity": "sha512-kUOwhpPoqQ1DikLGFBH3c8+nsb28ayX2IpQRC0UaEg34cV4GrRoI0FvkSovc3tgrGohpyvxFPRy5C6TM5wj7JA=="
    },
    "@loupeteam/starterasproject49": {
      "version": "0.1.0",
      "resolved": "https://npm.pkg.github.com/download/@loupeteam/starterasproject49/0.1.0/21f8d8c76e2ebba603374d1f49497d34f1760252",
      "integrity": "sha512-vLb1HTrLpC/qeLp2mS9WPVLSQmypMSnPM2USnBgZdD7SHRZhuWUlL+HVxd8jUt0dbJFCfgAHZFmHDPUqAZ0HkQ=="
    }
  }
}
    "node_modules/@loupeteam/fiowrap": {
      "version": "0.9.1",
      "resolved": "https://npm.pkg.github.com/download/@loupeteam/fiowrap/0.9.1/5259664e2dcb91836f8b0bed6edd12a2275966a9",
      "integrity": "sha512-okJPxC6HKv6+ZrPgKNuJ+4fAc3PnHrOcbLqRnXbwLF7njCLX25m27Bu+pZQuJAEuw4eMkUrGd7CXYF0KOUz04w==",
      "license": "Loupe Software License Agreement",
      "dependencies": {
        "@loupeteam/stringext": ">=0.11.0"
      }
    },
    "node_modules/@loupeteam/hmitools": {
      "version": "0.11.4",
      "resolved": "https://npm.pkg.github.com/download/@loupeteam/hmitools/0.11.4/a4d1b4bdae7b50ba238db5eb0a70a01372e8eb7f",
      "integrity": "sha512-Yt8ci9RhZ3JKK21J/f/ZJ8H84Lfc9OVtV7kMfd/QS1erHHt8fg4K4rrklaHf3IYGetbiMV5iYWuYqD1v8hdwDQ==",
      "license": "Loupe Software License Agreement",
      "dependencies": {
        "@loupeteam/logthat": "*",
        "@loupeteam/ringbuflib": ">=0.2.0",
        "@loupeteam/stringext": ">=0.4.0"
      }
    },
    "node_modules/@loupeteam/logthat": {
      "version": "0.5.1",
      "resolved": "https://npm.pkg.github.com/download/@loupeteam/logthat/0.5.1/a6a0b2d6b20ae36504e3bb1f93abfc66eabd83a7",
      "integrity": "sha512-HGKZuZxNL6NVnpLG09BbWp7NQ6i+7wdOMoWLj5PO730ELX0Xs35xKGyGLf/mWiIXKE9tjvZxkyBTgbgZbIt6ew==",
      "license": "Loupe Software License Agreement",
      "dependencies": {
        "@loupeteam/stringext": ">=0.14.1"
      }
    },
    "node_modules/@loupeteam/messagebox": {
      "version": "0.1.3",
      "resolved": "https://npm.pkg.github.com/download/@loupeteam/messagebox/0.1.3/1549fe0fcbcf99defb9ad14461f4de76b0010022",
      "integrity": "sha512-GVXZnoYHIyeoZkMCxdJSKR5pNIkMzIvrFf2oVyjFRGZJrNYUaB2RQJtE7j88MBgibLcJWgfBneKm7+3pv1smHw==",
      "license": "Loupe Software License Agreement",
      "dependencies": {
        "@loupeteam/hmitools": "*",
        "@loupeteam/ringbuflib": "*"
      }
    },
    "node_modules/@loupeteam/ringbuflib": {
      "version": "0.2.4",
      "resolved": "https://npm.pkg.github.com/download/@loupeteam/ringbuflib/0.2.4/aa477b3b9b4f8b2babda5f67bd823b9f73a837b7",
      "integrity": "sha512-iMekWj7qvhwdYpiD3XpJIJPxlVel0k9PFpPa7POtAI/DIQTH8X6caZNlllA14wAlBAaKYdUVYzdW1t9EjizQWg==",
      "license": "Loupe Software License Agreement"
    },
    "node_modules/@loupeteam/starterasproject49": {
      "version": "0.1.0",
      "resolved": "https://npm.pkg.github.com/download/@loupeteam/starterasproject49/0.1.0/21f8d8c76e2ebba603374d1f49497d34f1760252",
      "integrity": "sha512-vLb1HTrLpC/qeLp2mS9WPVLSQmypMSnPM2USnBgZdD7SHRZhuWUlL+HVxd8jUt0dbJFCfgAHZFmHDPUqAZ0HkQ==",
      "license": "Loupe Software License Agreement"
    },
    "node_modules/@loupeteam/stringext": {
      "version": "0.14.4",
      "resolved": "https://npm.pkg.github.com/download/@loupeteam/stringext/0.14.4/94cecc972c68673d69c605dba4b7904618e24cfc",
      "integrity": "sha512-IhMDGSyclNrv5mYs+kyqN5OHLQrSsktZFvULrWgwr3lg0/Bl+xiO6EvehLWRbZNWZUGWFeaYhBSevv73tIZqow==",
      "license": "Loupe Software License Agreement"
    },
    "node_modules/@loupeteam/vartools": {
      "version": "0.11.4",
      "resolved": "https://npm.pkg.github.com/download/@loupeteam/vartools/0.11.4/8a2e100b44081fccfd4363997ee43aea17bd8b48",
      "integrity": "sha512-WRt+9XVHOCZ2K3htPC3oHXX4B5voNukMu4Iz3P2Bbhh/s0+jYlX6xtBR7RWsppycrcxxZqydnaDb80OKMdMU7g==",
      "license": "Loupe Software License Agreement",
      "dependencies": {
        "@loupeteam/stringext": ">=0.14.0 <=0.14.9"
      }
    }
  },
  "dependencies": {
    "@loupeteam/csvfilelib": {
      "version": "1.2.2",
      "resolved": "https://npm.pkg.github.com/download/@loupeteam/csvfilelib/1.2.2/0ea9deae2453f52c952d3832668ba6aec1878faa",
      "integrity": "sha512-PHGMJBXucUeXDXdJl3L/2ymG0XqcZ7xhXK05f43dQ9Vc4vCLfZ8HAGUEqndqm0DJZo+yA4Eu4a2kys7VZOUV3g==",
      "requires": {
        "@loupeteam/fiowrap": ">=0.9.0 <=0.9.9",
        "@loupeteam/hmitools": ">=0.11.3 <=0.11.9",
        "@loupeteam/logthat": ">=0.5.0 <=0.5.9",
        "@loupeteam/stringext": ">=0.14.1 <=0.14.9"
      }
    },
    "@loupeteam/errorlib": {
      "version": "0.23.3",
      "resolved": "https://npm.pkg.github.com/download/@loupeteam/errorlib/0.23.3/67a0609e6a8a8bb661a48320695ba5ad43c64899",
      "integrity": "sha512-HSAnHiMVZafBU7az5XyXRMXaaLXioZlQ3wEMstUOIX1ZOYwpoljUuulVCfdTGLnfg++1uyQISh/zr3jQ2ZPRpQ==",
      "requires": {
        "@loupeteam/hmitools": ">=0.11.4 <=0.11.9",
        "@loupeteam/logthat": ">=0.5.0 <=0.5.9",
        "@loupeteam/stringext": ">=0.14.1 <=0.14.9"
      }
    },
    "@loupeteam/fiowrap": {
      "version": "0.9.1",
      "resolved": "https://npm.pkg.github.com/download/@loupeteam/fiowrap/0.9.1/5259664e2dcb91836f8b0bed6edd12a2275966a9",
      "integrity": "sha512-okJPxC6HKv6+ZrPgKNuJ+4fAc3PnHrOcbLqRnXbwLF7njCLX25m27Bu+pZQuJAEuw4eMkUrGd7CXYF0KOUz04w==",
      "requires": {
        "@loupeteam/stringext": ">=0.11.0"
      }
    },
    "@loupeteam/hmitools": {
      "version": "0.11.4",
      "resolved": "https://npm.pkg.github.com/download/@loupeteam/hmitools/0.11.4/a4d1b4bdae7b50ba238db5eb0a70a01372e8eb7f",
      "integrity": "sha512-Yt8ci9RhZ3JKK21J/f/ZJ8H84Lfc9OVtV7kMfd/QS1erHHt8fg4K4rrklaHf3IYGetbiMV5iYWuYqD1v8hdwDQ==",
      "requires": {
        "@loupeteam/logthat": "*",
        "@loupeteam/ringbuflib": ">=0.2.0",
        "@loupeteam/stringext": ">=0.4.0"
      }
    },
    "@loupeteam/logthat": {
      "version": "0.5.1",
      "resolved": "https://npm.pkg.github.com/download/@loupeteam/logthat/0.5.1/a6a0b2d6b20ae36504e3bb1f93abfc66eabd83a7",
      "integrity": "sha512-HGKZuZxNL6NVnpLG09BbWp7NQ6i+7wdOMoWLj5PO730ELX0Xs35xKGyGLf/mWiIXKE9tjvZxkyBTgbgZbIt6ew==",
      "requires": {
        "@loupeteam/stringext": ">=0.14.1"
      }
    },
    "@loupeteam/messagebox": {
      "version": "0.1.3",
      "resolved": "https://npm.pkg.github.com/download/@loupeteam/messagebox/0.1.3/1549fe0fcbcf99defb9ad14461f4de76b0010022",
      "integrity": "sha512-GVXZnoYHIyeoZkMCxdJSKR5pNIkMzIvrFf2oVyjFRGZJrNYUaB2RQJtE7j88MBgibLcJWgfBneKm7+3pv1smHw==",
      "requires": {
        "@loupeteam/hmitools": "*",
        "@loupeteam/ringbuflib": "*"
      }
    },
    "@loupeteam/ringbuflib": {
      "version": "0.2.4",
      "resolved": "https://npm.pkg.github.com/download/@loupeteam/ringbuflib/0.2.4/aa477b3b9b4f8b2babda5f67bd823b9f73a837b7",
      "integrity": "sha512-iMekWj7qvhwdYpiD3XpJIJPxlVel0k9PFpPa7POtAI/DIQTH8X6caZNlllA14wAlBAaKYdUVYzdW1t9EjizQWg=="
    },
    "@loupeteam/starterasproject49": {
      "version": "0.1.0",
      "resolved": "https://npm.pkg.github.com/download/@loupeteam/starterasproject49/0.1.0/21f8d8c76e2ebba603374d1f49497d34f1760252",
      "integrity": "sha512-vLb1HTrLpC/qeLp2mS9WPVLSQmypMSnPM2USnBgZdD7SHRZhuWUlL+HVxd8jUt0dbJFCfgAHZFmHDPUqAZ0HkQ=="
    },
    "@loupeteam/stringext": {
      "version": "0.14.4",
      "resolved": "https://npm.pkg.github.com/download/@loupeteam/stringext/0.14.4/94cecc972c68673d69c605dba4b7904618e24cfc",
      "integrity": "sha512-IhMDGSyclNrv5mYs+kyqN5OHLQrSsktZFvULrWgwr3lg0/Bl+xiO6EvehLWRbZNWZUGWFeaYhBSevv73tIZqow=="
    },
    "@loupeteam/vartools": {
      "version": "0.11.4",
      "resolved": "https://npm.pkg.github.com/download/@loupeteam/vartools/0.11.4/8a2e100b44081fccfd4363997ee43aea17bd8b48",
      "integrity": "sha512-WRt+9XVHOCZ2K3htPC3oHXX4B5voNukMu4Iz3P2Bbhh/s0+jYlX6xtBR7RWsppycrcxxZqydnaDb80OKMdMU7g==",
      "requires": {
        "@loupeteam/stringext": ">=0.14.0 <=0.14.9"
      }
    }
  }
}
