{
  "name": "asproject",
  "version": "1.0.0",
  "lockfileVersion": 2,
  "requires": true,
  "packages": {
    "": {
      "name": "asproject",
      "version": "1.0.0",
      "license": "ISC",
      "dependencies": {
        "@loupeteam/librarybuilderproject": "^0.3.0",
        "@loupeteam/starterasproject49": "^0.1.0"
      }
    },
    "node_modules/@loupeteam/librarybuilderproject": {
      "version": "0.3.0",
      "resolved": "https://npm.pkg.github.com/download/@loupeteam/librarybuilderproject/0.3.0/9c3c1fc98350439d618573f3b465d94e3ae1e000",
      "integrity": "sha512-kUOwhpPoqQ1DikLGFBH3c8+nsb28ayX2IpQRC0UaEg34cV4GrRoI0FvkSovc3tgrGohpyvxFPRy5C6TM5wj7JA==",
      "license": "MIT"
    },
    "node_modules/@loupeteam/starterasproject49": {
      "version": "0.1.0",
      "resolved": "https://npm.pkg.github.com/download/@loupeteam/starterasproject49/0.1.0/21f8d8c76e2ebba603374d1f49497d34f1760252",
      "integrity": "sha512-vLb1HTrLpC/qeLp2mS9WPVLSQmypMSnPM2USnBgZdD7SHRZhuWUlL+HVxd8jUt0dbJFCfgAHZFmHDPUqAZ0HkQ==",
      "license": "Loupe Software License Agreement"
    }
  },
  "dependencies": {
    "@loupeteam/librarybuilderproject": {
      "version": "0.3.0",
      "resolved": "https://npm.pkg.github.com/download/@loupeteam/librarybuilderproject/0.3.0/9c3c1fc98350439d618573f3b465d94e3ae1e000",
      "integrity": "sha512-kUOwhpPoqQ1DikLGFBH3c8+nsb28ayX2IpQRC0UaEg34cV4GrRoI0FvkSovc3tgrGohpyvxFPRy5C6TM5wj7JA=="
    },
    "@loupeteam/starterasproject49": {
      "version": "0.1.0",
      "resolved": "https://npm.pkg.github.com/download/@loupeteam/starterasproject49/0.1.0/21f8d8c76e2ebba603374d1f49497d34f1760252",
      "integrity": "sha512-vLb1HTrLpC/qeLp2mS9WPVLSQmypMSnPM2USnBgZdD7SHRZhuWUlL+HVxd8jUt0dbJFCfgAHZFmHDPUqAZ0HkQ=="
    }
  }
}
